{
  "name": "@wetty1/super-hacker-chat-client",
  "version": "1.0.0",
  "lockfileVersion": 1,
  "requires": true,
  "dependencies": {
    "@types/blessed": {
      "version": "0.1.17",
      "resolved": "https://registry.npmjs.org/@types/blessed/-/blessed-0.1.17.tgz",
      "integrity": "sha512-BKvUtnrXksNdK0fOYV/9HJGkjCcAvOGMSCJsiHaBFyBeyqHwy2OHK32r5XNI+q0eXuAuGqtPOnDetHnbZoYqag==",
      "dev": true,
      "requires": {
        "@types/node": "*"
      }
    },
    "@types/node": {
      "version": "14.14.35",
      "resolved": "https://registry.npmjs.org/@types/node/-/node-14.14.35.tgz",
      "integrity": "sha512-Lt+wj8NVPx0zUmUwumiVXapmaLUcAk3yPuHCFVXras9k5VT9TdhJqKqGVUQCD60OTMCl0qxJ57OiTL0Mic3Iag==",
      "dev": true
    },
    "blessed": {
      "version": "0.1.81",
      "resolved": "https://registry.npmjs.org/blessed/-/blessed-0.1.81.tgz",
      "integrity": "sha1-+WLWh+wsNpVwrnGvhDJW5tDKESk="
    }
  }
}
