# THIS IS AN AUTOGENERATED FILE. DO NOT EDIT THIS FILE DIRECTLY.
# yarn lockfile v1


"@types/blessed@^0.1.17":
  "integrity" "sha512-BKvUtnrXksNdK0fOYV/9HJGkjCcAvOGMSCJsiHaBFyBeyqHwy2OHK32r5XNI+q0eXuAuGqtPOnDetHnbZoYqag=="
  "resolved" "https://registry.npmjs.org/@types/blessed/-/blessed-0.1.17.tgz"
  "version" "0.1.17"
  dependencies:
    "@types/node" "*"

"@types/node@*":
  "integrity" "sha512-Lt+wj8NVPx0zUmUwumiVXapmaLUcAk3yPuHCFVXras9k5VT9TdhJqKqGVUQCD60OTMCl0qxJ57OiTL0Mic3Iag=="
  "resolved" "https://registry.npmjs.org/@types/node/-/node-14.14.35.tgz"
  "version" "14.14.35"

"blessed@^0.1.81":
  "integrity" "sha1-+WLWh+wsNpVwrnGvhDJW5tDKESk="
  "resolved" "https://registry.npmjs.org/blessed/-/blessed-0.1.81.tgz"
  "version" "0.1.81"
